// !$*UTF8*$!
{
	archiveVersion = 1;
	classes = {
	};
	objectVersion = 56;
	objects = {

/* Begin PBXBuildFile section */
		16279ECF2C3854E800722E41 /* Storage.xcdatamodeld in Sources */ = {isa = PBXBuildFile; fileRef = 16279ECD2C3854E800722E41 /* Storage.xcdatamodeld */; };
		1629E74A2BFB331E00A50F54 /* AddTrackerViewController.swift in Sources */ = {isa = PBXBuildFile; fileRef = 1629E7492BFB331E00A50F54 /* AddTrackerViewController.swift */; };
		1631E09A2BF40A85003986AE /* TabBarController.swift in Sources */ = {isa = PBXBuildFile; fileRef = 1631E0992BF40A85003986AE /* TabBarController.swift */; };
		16343C402BFE603E00838829 /* EditTrackerViewController.swift in Sources */ = {isa = PBXBuildFile; fileRef = 16343C3F2BFE603E00838829 /* EditTrackerViewController.swift */; };
		1645C9B32BF8A5ED00CC7B90 /* Tracker.swift in Sources */ = {isa = PBXBuildFile; fileRef = 1645C9B22BF8A5ED00CC7B90 /* Tracker.swift */; };
		167A2E7A2C0B4A5F00437041 /* ScheduleViewController.swift in Sources */ = {isa = PBXBuildFile; fileRef = 167A2E792C0B4A5F00437041 /* ScheduleViewController.swift */; };
		167A2E7D2C0B4AB000437041 /* WeekdayEnum.swift in Sources */ = {isa = PBXBuildFile; fileRef = 167A2E7C2C0B4AB000437041 /* WeekdayEnum.swift */; };
		167A2E7F2C0B4BE700437041 /* ScheduleTableViewCell.swift in Sources */ = {isa = PBXBuildFile; fileRef = 167A2E7E2C0B4BE700437041 /* ScheduleTableViewCell.swift */; };
		167C6D752C2885AC0013F9BC /* EmojiCell.swift in Sources */ = {isa = PBXBuildFile; fileRef = 167C6D742C2885AC0013F9BC /* EmojiCell.swift */; };
		16947A4F2C033CA800426968 /* TrackersFactory.swift in Sources */ = {isa = PBXBuildFile; fileRef = 16947A4E2C033CA800426968 /* TrackersFactory.swift */; };
		16947A512C036E0800426968 /* CategoryHaderView.swift in Sources */ = {isa = PBXBuildFile; fileRef = 16947A502C036E0800426968 /* CategoryHaderView.swift */; };
		169602D72C2CB3BC003DB1BC /* ColorSelectCollectionHeader.swift in Sources */ = {isa = PBXBuildFile; fileRef = 169602D62C2CB3BC003DB1BC /* ColorSelectCollectionHeader.swift */; };
		169602D92C2CB3D0003DB1BC /* ColorSelectCell.swift in Sources */ = {isa = PBXBuildFile; fileRef = 169602D82C2CB3D0003DB1BC /* ColorSelectCell.swift */; };
		16A604A52C8CFCEF0055EABE /* OnboardingPageViewController.swift in Sources */ = {isa = PBXBuildFile; fileRef = 16A604A42C8CFCEF0055EABE /* OnboardingPageViewController.swift */; };
		16AE20E52C2A1D600043A3D3 /* EmojiCollectionHeader.swift in Sources */ = {isa = PBXBuildFile; fileRef = 16AE20E42C2A1D600043A3D3 /* EmojiCollectionHeader.swift */; };
		16CF4D962C87AAD6002DC444 /* OnboardingViewController.swift in Sources */ = {isa = PBXBuildFile; fileRef = 16CF4D952C87AAD6002DC444 /* OnboardingViewController.swift */; };
		16D1F78D2C1F9ECE007601DE /* TrackerButton.swift in Sources */ = {isa = PBXBuildFile; fileRef = 16D1F78C2C1F9ECE007601DE /* TrackerButton.swift */; };
		16F0FD112C1DEFE8004C854A /* TrackerCategory.swift in Sources */ = {isa = PBXBuildFile; fileRef = 16F0FD102C1DEFE8004C854A /* TrackerCategory.swift */; };
		16F0FD132C1DF01A004C854A /* TrackerRecord.swift in Sources */ = {isa = PBXBuildFile; fileRef = 16F0FD122C1DF01A004C854A /* TrackerRecord.swift */; };
		FD4204222BF17E7C0007A254 /* AppDelegate.swift in Sources */ = {isa = PBXBuildFile; fileRef = FD4204212BF17E7C0007A254 /* AppDelegate.swift */; };
		FD4204262BF17E7C0007A254 /* TrackersViewController.swift in Sources */ = {isa = PBXBuildFile; fileRef = FD4204252BF17E7C0007A254 /* TrackersViewController.swift */; };
		FD42042B2BF17E7E0007A254 /* Assets.xcassets in Resources */ = {isa = PBXBuildFile; fileRef = FD42042A2BF17E7E0007A254 /* Assets.xcassets */; };
		FD42042E2BF17E7E0007A254 /* Base in Resources */ = {isa = PBXBuildFile; fileRef = FD42042D2BF17E7E0007A254 /* Base */; };
		FD44575C2CA0B22200000834 /* FiltersViewController.swift in Sources */ = {isa = PBXBuildFile; fileRef = FD44575B2CA0B22200000834 /* FiltersViewController.swift */; };
		FD44575F2CA0D1C700000834 /* FilterViewModel.swift in Sources */ = {isa = PBXBuildFile; fileRef = FD44575E2CA0D1C700000834 /* FilterViewModel.swift */; };
		FD4457612CA0D66700000834 /* FiltersCell.swift in Sources */ = {isa = PBXBuildFile; fileRef = FD4457602CA0D66700000834 /* FiltersCell.swift */; };
		FD53E1962BF53F580073B644 /* SnapKit in Frameworks */ = {isa = PBXBuildFile; productRef = FD53E1952BF53F580073B644 /* SnapKit */; };
		FD53E19A2BF562890073B644 /* StatisticsViewController.swift in Sources */ = {isa = PBXBuildFile; fileRef = FD53E1992BF562890073B644 /* StatisticsViewController.swift */; };
		FD80C2862C3ECAA000885B41 /* TrackerStore.swift in Sources */ = {isa = PBXBuildFile; fileRef = FD80C2852C3ECAA000885B41 /* TrackerStore.swift */; };
		FD80C2892C3F38BB00885B41 /* TrackerCategoryStore.swift in Sources */ = {isa = PBXBuildFile; fileRef = FD80C2882C3F38BB00885B41 /* TrackerCategoryStore.swift */; };
		FD80C28B2C3F38DC00885B41 /* TrackerRecordStore.swift in Sources */ = {isa = PBXBuildFile; fileRef = FD80C28A2C3F38DC00885B41 /* TrackerRecordStore.swift */; };
		FD8A207B2C111B8D0056A256 /* TrackerCalendar.swift in Sources */ = {isa = PBXBuildFile; fileRef = FD8A207A2C111B8D0056A256 /* TrackerCalendar.swift */; };
		FD8B03252C8A4A39001CCE88 /* AddCategoryViewController.swift in Sources */ = {isa = PBXBuildFile; fileRef = FD8B03242C8A4A39001CCE88 /* AddCategoryViewController.swift */; };
		FD9EEB0F2C8911AD0004E154 /* CategorySelectViewModel.swift in Sources */ = {isa = PBXBuildFile; fileRef = FD9EEB0E2C8911AD0004E154 /* CategorySelectViewModel.swift */; };
		FD9EEB112C89163E0004E154 /* CategorySelectViewController.swift in Sources */ = {isa = PBXBuildFile; fileRef = FD9EEB102C89163E0004E154 /* CategorySelectViewController.swift */; };
		FD9EEB132C89CC010004E154 /* CategoryCell.swift in Sources */ = {isa = PBXBuildFile; fileRef = FD9EEB122C89CC010004E154 /* CategoryCell.swift */; };
		FDC14C912BFFC8D400198716 /* TrackerCell.swift in Sources */ = {isa = PBXBuildFile; fileRef = FDC14C902BFFC8D400198716 /* TrackerCell.swift */; };
/* End PBXBuildFile section */

/* Begin PBXFileReference section */
		16279ECE2C3854E800722E41 /* Storage.xcdatamodel */ = {isa = PBXFileReference; lastKnownFileType = wrapper.xcdatamodel; path = Storage.xcdatamodel; sourceTree = "<group>"; };
		1629E7492BFB331E00A50F54 /* AddTrackerViewController.swift */ = {isa = PBXFileReference; lastKnownFileType = sourcecode.swift; path = AddTrackerViewController.swift; sourceTree = "<group>"; };
		1631E0992BF40A85003986AE /* TabBarController.swift */ = {isa = PBXFileReference; lastKnownFileType = sourcecode.swift; path = TabBarController.swift; sourceTree = "<group>"; };
		16343C3F2BFE603E00838829 /* EditTrackerViewController.swift */ = {isa = PBXFileReference; lastKnownFileType = sourcecode.swift; path = EditTrackerViewController.swift; sourceTree = "<group>"; };
		1645C9B22BF8A5ED00CC7B90 /* Tracker.swift */ = {isa = PBXFileReference; lastKnownFileType = sourcecode.swift; path = Tracker.swift; sourceTree = "<group>"; };
		167A2E792C0B4A5F00437041 /* ScheduleViewController.swift */ = {isa = PBXFileReference; lastKnownFileType = sourcecode.swift; path = ScheduleViewController.swift; sourceTree = "<group>"; };
		167A2E7C2C0B4AB000437041 /* WeekdayEnum.swift */ = {isa = PBXFileReference; lastKnownFileType = sourcecode.swift; path = WeekdayEnum.swift; sourceTree = "<group>"; };
		167A2E7E2C0B4BE700437041 /* ScheduleTableViewCell.swift */ = {isa = PBXFileReference; lastKnownFileType = sourcecode.swift; path = ScheduleTableViewCell.swift; sourceTree = "<group>"; };
		167C6D742C2885AC0013F9BC /* EmojiCell.swift */ = {isa = PBXFileReference; lastKnownFileType = sourcecode.swift; path = EmojiCell.swift; sourceTree = "<group>"; };
		16947A4E2C033CA800426968 /* TrackersFactory.swift */ = {isa = PBXFileReference; lastKnownFileType = sourcecode.swift; path = TrackersFactory.swift; sourceTree = "<group>"; };
		16947A502C036E0800426968 /* CategoryHaderView.swift */ = {isa = PBXFileReference; lastKnownFileType = sourcecode.swift; path = CategoryHaderView.swift; sourceTree = "<group>"; };
		169602D62C2CB3BC003DB1BC /* ColorSelectCollectionHeader.swift */ = {isa = PBXFileReference; lastKnownFileType = sourcecode.swift; path = ColorSelectCollectionHeader.swift; sourceTree = "<group>"; };
		169602D82C2CB3D0003DB1BC /* ColorSelectCell.swift */ = {isa = PBXFileReference; lastKnownFileType = sourcecode.swift; path = ColorSelectCell.swift; sourceTree = "<group>"; };
		16A604A42C8CFCEF0055EABE /* OnboardingPageViewController.swift */ = {isa = PBXFileReference; lastKnownFileType = sourcecode.swift; path = OnboardingPageViewController.swift; sourceTree = "<group>"; };
		16AE20E42C2A1D600043A3D3 /* EmojiCollectionHeader.swift */ = {isa = PBXFileReference; lastKnownFileType = sourcecode.swift; path = EmojiCollectionHeader.swift; sourceTree = "<group>"; };
		16CF4D952C87AAD6002DC444 /* OnboardingViewController.swift */ = {isa = PBXFileReference; lastKnownFileType = sourcecode.swift; path = OnboardingViewController.swift; sourceTree = "<group>"; };
		16D1F78C2C1F9ECE007601DE /* TrackerButton.swift */ = {isa = PBXFileReference; lastKnownFileType = sourcecode.swift; path = TrackerButton.swift; sourceTree = "<group>"; };
		16F0FD102C1DEFE8004C854A /* TrackerCategory.swift */ = {isa = PBXFileReference; lastKnownFileType = sourcecode.swift; path = TrackerCategory.swift; sourceTree = "<group>"; };
		16F0FD122C1DF01A004C854A /* TrackerRecord.swift */ = {isa = PBXFileReference; lastKnownFileType = sourcecode.swift; path = TrackerRecord.swift; sourceTree = "<group>"; };
		FD42041E2BF17E7C0007A254 /* Tracker.app */ = {isa = PBXFileReference; explicitFileType = wrapper.application; includeInIndex = 0; path = Tracker.app; sourceTree = BUILT_PRODUCTS_DIR; };
		FD4204212BF17E7C0007A254 /* AppDelegate.swift */ = {isa = PBXFileReference; lastKnownFileType = sourcecode.swift; path = AppDelegate.swift; sourceTree = "<group>"; };
		FD4204252BF17E7C0007A254 /* TrackersViewController.swift */ = {isa = PBXFileReference; lastKnownFileType = sourcecode.swift; path = TrackersViewController.swift; sourceTree = "<group>"; };
		FD42042A2BF17E7E0007A254 /* Assets.xcassets */ = {isa = PBXFileReference; lastKnownFileType = folder.assetcatalog; path = Assets.xcassets; sourceTree = "<group>"; };
		FD42042D2BF17E7E0007A254 /* Base */ = {isa = PBXFileReference; lastKnownFileType = file.storyboard; name = Base; path = Base.lproj/LaunchScreen.storyboard; sourceTree = "<group>"; };
		FD42042F2BF17E7E0007A254 /* Info.plist */ = {isa = PBXFileReference; lastKnownFileType = text.plist.xml; path = Info.plist; sourceTree = "<group>"; };
		FD44575B2CA0B22200000834 /* FiltersViewController.swift */ = {isa = PBXFileReference; lastKnownFileType = sourcecode.swift; path = FiltersViewController.swift; sourceTree = "<group>"; };
		FD44575E2CA0D1C700000834 /* FilterViewModel.swift */ = {isa = PBXFileReference; lastKnownFileType = sourcecode.swift; path = FilterViewModel.swift; sourceTree = "<group>"; };
		FD4457602CA0D66700000834 /* FiltersCell.swift */ = {isa = PBXFileReference; lastKnownFileType = sourcecode.swift; path = FiltersCell.swift; sourceTree = "<group>"; };
		FD53E1992BF562890073B644 /* StatisticsViewController.swift */ = {isa = PBXFileReference; lastKnownFileType = sourcecode.swift; path = StatisticsViewController.swift; sourceTree = "<group>"; };
		FD80C2852C3ECAA000885B41 /* TrackerStore.swift */ = {isa = PBXFileReference; lastKnownFileType = sourcecode.swift; path = TrackerStore.swift; sourceTree = "<group>"; };
		FD80C2882C3F38BB00885B41 /* TrackerCategoryStore.swift */ = {isa = PBXFileReference; lastKnownFileType = sourcecode.swift; path = TrackerCategoryStore.swift; sourceTree = "<group>"; };
		FD80C28A2C3F38DC00885B41 /* TrackerRecordStore.swift */ = {isa = PBXFileReference; lastKnownFileType = sourcecode.swift; path = TrackerRecordStore.swift; sourceTree = "<group>"; };
		FD8A207A2C111B8D0056A256 /* TrackerCalendar.swift */ = {isa = PBXFileReference; lastKnownFileType = sourcecode.swift; path = TrackerCalendar.swift; sourceTree = "<group>"; };
		FD8B03242C8A4A39001CCE88 /* AddCategoryViewController.swift */ = {isa = PBXFileReference; lastKnownFileType = sourcecode.swift; path = AddCategoryViewController.swift; sourceTree = "<group>"; };
		FD9EEB0E2C8911AD0004E154 /* CategorySelectViewModel.swift */ = {isa = PBXFileReference; lastKnownFileType = sourcecode.swift; path = CategorySelectViewModel.swift; sourceTree = "<group>"; };
		FD9EEB102C89163E0004E154 /* CategorySelectViewController.swift */ = {isa = PBXFileReference; lastKnownFileType = sourcecode.swift; path = CategorySelectViewController.swift; sourceTree = "<group>"; };
		FD9EEB122C89CC010004E154 /* CategoryCell.swift */ = {isa = PBXFileReference; lastKnownFileType = sourcecode.swift; path = CategoryCell.swift; sourceTree = "<group>"; };
		FDC14C902BFFC8D400198716 /* TrackerCell.swift */ = {isa = PBXFileReference; lastKnownFileType = sourcecode.swift; path = TrackerCell.swift; sourceTree = "<group>"; };
/* End PBXFileReference section */

/* Begin PBXFrameworksBuildPhase section */
		FD42041B2BF17E7C0007A254 /* Frameworks */ = {
			isa = PBXFrameworksBuildPhase;
			buildActionMask = 2147483647;
			files = (
				FD53E1962BF53F580073B644 /* SnapKit in Frameworks */,
			);
			runOnlyForDeploymentPostprocessing = 0;
		};
/* End PBXFrameworksBuildPhase section */

/* Begin PBXGroup section */
		1645C9B12BF8A5A600CC7B90 /* Models */ = {
			isa = PBXGroup;
			children = (
				1645C9B22BF8A5ED00CC7B90 /* Tracker.swift */,
				16F0FD102C1DEFE8004C854A /* TrackerCategory.swift */,
				16F0FD122C1DF01A004C854A /* TrackerRecord.swift */,
			);
			path = Models;
			sourceTree = "<group>";
		};
		167A2E7B2C0B4A8D00437041 /* Scheduler */ = {
			isa = PBXGroup;
			children = (
				167A2E792C0B4A5F00437041 /* ScheduleViewController.swift */,
				167A2E7C2C0B4AB000437041 /* WeekdayEnum.swift */,
				167A2E7E2C0B4BE700437041 /* ScheduleTableViewCell.swift */,
			);
			path = Scheduler;
			sourceTree = "<group>";
		};
		16947A4D2C033C8300426968 /* TrackersFactory */ = {
			isa = PBXGroup;
			children = (
				16947A4E2C033CA800426968 /* TrackersFactory.swift */,
			);
			path = TrackersFactory;
			sourceTree = "<group>";
		};
		169602D32C2CB36F003DB1BC /* EmojiCollectionView */ = {
			isa = PBXGroup;
			children = (
				167C6D742C2885AC0013F9BC /* EmojiCell.swift */,
				16AE20E42C2A1D600043A3D3 /* EmojiCollectionHeader.swift */,
			);
			path = EmojiCollectionView;
			sourceTree = "<group>";
		};
		169602D42C2CB382003DB1BC /* ColorSelectCollectionView */ = {
			isa = PBXGroup;
			children = (
				169602D82C2CB3D0003DB1BC /* ColorSelectCell.swift */,
				169602D62C2CB3BC003DB1BC /* ColorSelectCollectionHeader.swift */,
			);
			path = ColorSelectCollectionView;
			sourceTree = "<group>";
		};
		169602DA2C3219A0003DB1BC /* AddTrackerViewController */ = {
			isa = PBXGroup;
			children = (
				1629E7492BFB331E00A50F54 /* AddTrackerViewController.swift */,
			);
			path = AddTrackerViewController;
			sourceTree = "<group>";
		};
		16CF4D942C87AAAF002DC444 /* OnboardingViewController */ = {
			isa = PBXGroup;
			children = (
				16CF4D952C87AAD6002DC444 /* OnboardingViewController.swift */,
				16A604A42C8CFCEF0055EABE /* OnboardingPageViewController.swift */,
			);
			path = OnboardingViewController;
			sourceTree = "<group>";
		};
		16D1F78E2C1F9F03007601DE /* AddHabbitViewController */ = {
			isa = PBXGroup;
			children = (
				16343C3F2BFE603E00838829 /* EditTrackerViewController.swift */,
				16D1F78C2C1F9ECE007601DE /* TrackerButton.swift */,
				169602D32C2CB36F003DB1BC /* EmojiCollectionView */,
				169602D42C2CB382003DB1BC /* ColorSelectCollectionView */,
			);
			path = AddHabbitViewController;
			sourceTree = "<group>";
		};
		16F0FD142C1DF0F6004C854A /* TrackersViewController */ = {
			isa = PBXGroup;
			children = (
				FD4204252BF17E7C0007A254 /* TrackersViewController.swift */,
				FDC14C902BFFC8D400198716 /* TrackerCell.swift */,
				16947A502C036E0800426968 /* CategoryHaderView.swift */,
			);
			path = TrackersViewController;
			sourceTree = "<group>";
		};
		FD4204152BF17E7C0007A254 = {
			isa = PBXGroup;
			children = (
				FD4204202BF17E7C0007A254 /* Tracker */,
				FD42041F2BF17E7C0007A254 /* Products */,
			);
			sourceTree = "<group>";
		};
		FD42041F2BF17E7C0007A254 /* Products */ = {
			isa = PBXGroup;
			children = (
				FD42041E2BF17E7C0007A254 /* Tracker.app */,
			);
			name = Products;
			sourceTree = "<group>";
		};
		FD4204202BF17E7C0007A254 /* Tracker */ = {
			isa = PBXGroup;
			children = (
				FD4204212BF17E7C0007A254 /* AppDelegate.swift */,
				1631E0992BF40A85003986AE /* TabBarController.swift */,
				FD8A207A2C111B8D0056A256 /* TrackerCalendar.swift */,
				FD9EEB0D2C89068C0004E154 /* CategorySelect */,
				1645C9B12BF8A5A600CC7B90 /* Models */,
				FD53E19B2BF5657C0073B644 /* ViewControllers */,
				16947A4D2C033C8300426968 /* TrackersFactory */,
				FD80C2872C3F386300885B41 /* CoreData */,
				FD42042A2BF17E7E0007A254 /* Assets.xcassets */,
				FD42042C2BF17E7E0007A254 /* LaunchScreen.storyboard */,
				FD42042F2BF17E7E0007A254 /* Info.plist */,
			);
			path = Tracker;
			sourceTree = "<group>";
		};
		FD44575D2CA0B22B00000834 /* FiltersViewController */ = {
			isa = PBXGroup;
			children = (
				FD44575E2CA0D1C700000834 /* FilterViewModel.swift */,
				FD44575B2CA0B22200000834 /* FiltersViewController.swift */,
				FD4457602CA0D66700000834 /* FiltersCell.swift */,
			);
			path = FiltersViewController;
			sourceTree = "<group>";
		};
		FD53E19B2BF5657C0073B644 /* ViewControllers */ = {
			isa = PBXGroup;
			children = (
				FD44575D2CA0B22B00000834 /* FiltersViewController */,
				16CF4D942C87AAAF002DC444 /* OnboardingViewController */,
				16F0FD142C1DF0F6004C854A /* TrackersViewController */,
				169602DA2C3219A0003DB1BC /* AddTrackerViewController */,
				16D1F78E2C1F9F03007601DE /* AddHabbitViewController */,
				167A2E7B2C0B4A8D00437041 /* Scheduler */,
				FD53E1992BF562890073B644 /* StatisticsViewController.swift */,
			);
			path = ViewControllers;
			sourceTree = "<group>";
		};
		FD80C2872C3F386300885B41 /* CoreData */ = {
			isa = PBXGroup;
			children = (
				16279ECD2C3854E800722E41 /* Storage.xcdatamodeld */,
				FD80C2852C3ECAA000885B41 /* TrackerStore.swift */,
				FD80C2882C3F38BB00885B41 /* TrackerCategoryStore.swift */,
				FD80C28A2C3F38DC00885B41 /* TrackerRecordStore.swift */,
			);
			path = CoreData;
			sourceTree = "<group>";
		};
		FD9EEB0D2C89068C0004E154 /* CategorySelect */ = {
			isa = PBXGroup;
			children = (
				FD9EEB0E2C8911AD0004E154 /* CategorySelectViewModel.swift */,
				FD9EEB102C89163E0004E154 /* CategorySelectViewController.swift */,
				FD9EEB122C89CC010004E154 /* CategoryCell.swift */,
				FD8B03242C8A4A39001CCE88 /* AddCategoryViewController.swift */,
			);
			path = CategorySelect;
			sourceTree = "<group>";
		};
/* End PBXGroup section */

/* Begin PBXNativeTarget section */
		FD42041D2BF17E7C0007A254 /* Tracker */ = {
			isa = PBXNativeTarget;
			buildConfigurationList = FD4204322BF17E7E0007A254 /* Build configuration list for PBXNativeTarget "Tracker" */;
			buildPhases = (
				FD42041A2BF17E7C0007A254 /* Sources */,
				FD42041B2BF17E7C0007A254 /* Frameworks */,
				FD42041C2BF17E7C0007A254 /* Resources */,
			);
			buildRules = (
			);
			dependencies = (
			);
			name = Tracker;
			packageProductDependencies = (
				FD53E1952BF53F580073B644 /* SnapKit */,
			);
			productName = Tracker;
			productReference = FD42041E2BF17E7C0007A254 /* Tracker.app */;
			productType = "com.apple.product-type.application";
		};
/* End PBXNativeTarget section */

/* Begin PBXProject section */
		FD4204162BF17E7C0007A254 /* Project object */ = {
			isa = PBXProject;
			attributes = {
				BuildIndependentTargetsInParallel = 1;
				LastSwiftUpdateCheck = 1530;
				LastUpgradeCheck = 1530;
				TargetAttributes = {
					FD42041D2BF17E7C0007A254 = {
						CreatedOnToolsVersion = 15.3;
					};
				};
			};
			buildConfigurationList = FD4204192BF17E7C0007A254 /* Build configuration list for PBXProject "Tracker" */;
			compatibilityVersion = "Xcode 14.0";
			developmentRegion = en;
			hasScannedForEncodings = 0;
			knownRegions = (
				en,
				Base,
			);
			mainGroup = FD4204152BF17E7C0007A254;
			packageReferences = (
				FD53E1942BF53F580073B644 /* XCRemoteSwiftPackageReference "SnapKit" */,
			);
			productRefGroup = FD42041F2BF17E7C0007A254 /* Products */;
			projectDirPath = "";
			projectRoot = "";
			targets = (
				FD42041D2BF17E7C0007A254 /* Tracker */,
			);
		};
/* End PBXProject section */

/* Begin PBXResourcesBuildPhase section */
		FD42041C2BF17E7C0007A254 /* Resources */ = {
			isa = PBXResourcesBuildPhase;
			buildActionMask = 2147483647;
			files = (
				FD42042B2BF17E7E0007A254 /* Assets.xcassets in Resources */,
				FD42042E2BF17E7E0007A254 /* Base in Resources */,
			);
			runOnlyForDeploymentPostprocessing = 0;
		};
/* End PBXResourcesBuildPhase section */

/* Begin PBXSourcesBuildPhase section */
		FD42041A2BF17E7C0007A254 /* Sources */ = {
			isa = PBXSourcesBuildPhase;
			buildActionMask = 2147483647;
			files = (
				FD80C2862C3ECAA000885B41 /* TrackerStore.swift in Sources */,
				167A2E7A2C0B4A5F00437041 /* ScheduleViewController.swift in Sources */,
				FD8A207B2C111B8D0056A256 /* TrackerCalendar.swift in Sources */,
				16A604A52C8CFCEF0055EABE /* OnboardingPageViewController.swift in Sources */,
				1645C9B32BF8A5ED00CC7B90 /* Tracker.swift in Sources */,
				1631E09A2BF40A85003986AE /* TabBarController.swift in Sources */,
				16F0FD132C1DF01A004C854A /* TrackerRecord.swift in Sources */,
				16947A512C036E0800426968 /* CategoryHaderView.swift in Sources */,
				169602D72C2CB3BC003DB1BC /* ColorSelectCollectionHeader.swift in Sources */,
				16343C402BFE603E00838829 /* EditTrackerViewController.swift in Sources */,
				167A2E7F2C0B4BE700437041 /* ScheduleTableViewCell.swift in Sources */,
				16279ECF2C3854E800722E41 /* Storage.xcdatamodeld in Sources */,
				167A2E7D2C0B4AB000437041 /* WeekdayEnum.swift in Sources */,
				16947A4F2C033CA800426968 /* TrackersFactory.swift in Sources */,
				FD44575C2CA0B22200000834 /* FiltersViewController.swift in Sources */,
				16CF4D962C87AAD6002DC444 /* OnboardingViewController.swift in Sources */,
				FDC14C912BFFC8D400198716 /* TrackerCell.swift in Sources */,
				FD53E19A2BF562890073B644 /* StatisticsViewController.swift in Sources */,
				FD9EEB132C89CC010004E154 /* CategoryCell.swift in Sources */,
				FD44575F2CA0D1C700000834 /* FilterViewModel.swift in Sources */,
				FD4204262BF17E7C0007A254 /* TrackersViewController.swift in Sources */,
				FD4204222BF17E7C0007A254 /* AppDelegate.swift in Sources */,
				FD9EEB0F2C8911AD0004E154 /* CategorySelectViewModel.swift in Sources */,
				167C6D752C2885AC0013F9BC /* EmojiCell.swift in Sources */,
				16D1F78D2C1F9ECE007601DE /* TrackerButton.swift in Sources */,
				16AE20E52C2A1D600043A3D3 /* EmojiCollectionHeader.swift in Sources */,
				FD9EEB112C89163E0004E154 /* CategorySelectViewController.swift in Sources */,
				FD80C28B2C3F38DC00885B41 /* TrackerRecordStore.swift in Sources */,
				FD80C2892C3F38BB00885B41 /* TrackerCategoryStore.swift in Sources */,
				FD8B03252C8A4A39001CCE88 /* AddCategoryViewController.swift in Sources */,
				169602D92C2CB3D0003DB1BC /* ColorSelectCell.swift in Sources */,
				FD4457612CA0D66700000834 /* FiltersCell.swift in Sources */,
				16F0FD112C1DEFE8004C854A /* TrackerCategory.swift in Sources */,
				1629E74A2BFB331E00A50F54 /* AddTrackerViewController.swift in Sources */,
			);
			runOnlyForDeploymentPostprocessing = 0;
		};
/* End PBXSourcesBuildPhase section */

/* Begin PBXVariantGroup section */
		FD42042C2BF17E7E0007A254 /* LaunchScreen.storyboard */ = {
			isa = PBXVariantGroup;
			children = (
				FD42042D2BF17E7E0007A254 /* Base */,
			);
			name = LaunchScreen.storyboard;
			sourceTree = "<group>";
		};
/* End PBXVariantGroup section */

/* Begin XCBuildConfiguration section */
		FD4204302BF17E7E0007A254 /* Debug */ = {
			isa = XCBuildConfiguration;
			buildSettings = {
				ALWAYS_SEARCH_USER_PATHS = NO;
				ASSETCATALOG_COMPILER_GENERATE_SWIFT_ASSET_SYMBOL_EXTENSIONS = YES;
				CLANG_ANALYZER_NONNULL = YES;
				CLANG_ANALYZER_NUMBER_OBJECT_CONVERSION = YES_AGGRESSIVE;
				CLANG_CXX_LANGUAGE_STANDARD = "gnu++20";
				CLANG_ENABLE_MODULES = YES;
				CLANG_ENABLE_OBJC_ARC = YES;
				CLANG_ENABLE_OBJC_WEAK = YES;
				CLANG_WARN_BLOCK_CAPTURE_AUTORELEASING = YES;
				CLANG_WARN_BOOL_CONVERSION = YES;
				CLANG_WARN_COMMA = YES;
				CLANG_WARN_CONSTANT_CONVERSION = YES;
				CLANG_WARN_DEPRECATED_OBJC_IMPLEMENTATIONS = YES;
				CLANG_WARN_DIRECT_OBJC_ISA_USAGE = YES_ERROR;
				CLANG_WARN_DOCUMENTATION_COMMENTS = YES;
				CLANG_WARN_EMPTY_BODY = YES;
				CLANG_WARN_ENUM_CONVERSION = YES;
				CLANG_WARN_INFINITE_RECURSION = YES;
				CLANG_WARN_INT_CONVERSION = YES;
				CLANG_WARN_NON_LITERAL_NULL_CONVERSION = YES;
				CLANG_WARN_OBJC_IMPLICIT_RETAIN_SELF = YES;
				CLANG_WARN_OBJC_LITERAL_CONVERSION = YES;
				CLANG_WARN_OBJC_ROOT_CLASS = YES_ERROR;
				CLANG_WARN_QUOTED_INCLUDE_IN_FRAMEWORK_HEADER = YES;
				CLANG_WARN_RANGE_LOOP_ANALYSIS = YES;
				CLANG_WARN_STRICT_PROTOTYPES = YES;
				CLANG_WARN_SUSPICIOUS_MOVE = YES;
				CLANG_WARN_UNGUARDED_AVAILABILITY = YES_AGGRESSIVE;
				CLANG_WARN_UNREACHABLE_CODE = YES;
				CLANG_WARN__DUPLICATE_METHOD_MATCH = YES;
				COPY_PHASE_STRIP = NO;
				DEBUG_INFORMATION_FORMAT = dwarf;
				ENABLE_STRICT_OBJC_MSGSEND = YES;
				ENABLE_TESTABILITY = YES;
				ENABLE_USER_SCRIPT_SANDBOXING = YES;
				GCC_C_LANGUAGE_STANDARD = gnu17;
				GCC_DYNAMIC_NO_PIC = NO;
				GCC_NO_COMMON_BLOCKS = YES;
				GCC_OPTIMIZATION_LEVEL = 0;
				GCC_PREPROCESSOR_DEFINITIONS = (
					"DEBUG=1",
					"$(inherited)",
				);
				GCC_WARN_64_TO_32_BIT_CONVERSION = YES;
				GCC_WARN_ABOUT_RETURN_TYPE = YES_ERROR;
				GCC_WARN_UNDECLARED_SELECTOR = YES;
				GCC_WARN_UNINITIALIZED_AUTOS = YES_AGGRESSIVE;
				GCC_WARN_UNUSED_FUNCTION = YES;
				GCC_WARN_UNUSED_VARIABLE = YES;
				IPHONEOS_DEPLOYMENT_TARGET = 13.4;
				LOCALIZATION_PREFERS_STRING_CATALOGS = YES;
				MTL_ENABLE_DEBUG_INFO = INCLUDE_SOURCE;
				MTL_FAST_MATH = YES;
				ONLY_ACTIVE_ARCH = YES;
				SDKROOT = iphoneos;
				SWIFT_ACTIVE_COMPILATION_CONDITIONS = "DEBUG $(inherited)";
				SWIFT_OPTIMIZATION_LEVEL = "-Onone";
			};
			name = Debug;
		};
		FD4204312BF17E7E0007A254 /* Release */ = {
			isa = XCBuildConfiguration;
			buildSettings = {
				ALWAYS_SEARCH_USER_PATHS = NO;
				ASSETCATALOG_COMPILER_GENERATE_SWIFT_ASSET_SYMBOL_EXTENSIONS = YES;
				CLANG_ANALYZER_NONNULL = YES;
				CLANG_ANALYZER_NUMBER_OBJECT_CONVERSION = YES_AGGRESSIVE;
				CLANG_CXX_LANGUAGE_STANDARD = "gnu++20";
				CLANG_ENABLE_MODULES = YES;
				CLANG_ENABLE_OBJC_ARC = YES;
				CLANG_ENABLE_OBJC_WEAK = YES;
				CLANG_WARN_BLOCK_CAPTURE_AUTORELEASING = YES;
				CLANG_WARN_BOOL_CONVERSION = YES;
				CLANG_WARN_COMMA = YES;
				CLANG_WARN_CONSTANT_CONVERSION = YES;
				CLANG_WARN_DEPRECATED_OBJC_IMPLEMENTATIONS = YES;
				CLANG_WARN_DIRECT_OBJC_ISA_USAGE = YES_ERROR;
				CLANG_WARN_DOCUMENTATION_COMMENTS = YES;
				CLANG_WARN_EMPTY_BODY = YES;
				CLANG_WARN_ENUM_CONVERSION = YES;
				CLANG_WARN_INFINITE_RECURSION = YES;
				CLANG_WARN_INT_CONVERSION = YES;
				CLANG_WARN_NON_LITERAL_NULL_CONVERSION = YES;
				CLANG_WARN_OBJC_IMPLICIT_RETAIN_SELF = YES;
				CLANG_WARN_OBJC_LITERAL_CONVERSION = YES;
				CLANG_WARN_OBJC_ROOT_CLASS = YES_ERROR;
				CLANG_WARN_QUOTED_INCLUDE_IN_FRAMEWORK_HEADER = YES;
				CLANG_WARN_RANGE_LOOP_ANALYSIS = YES;
				CLANG_WARN_STRICT_PROTOTYPES = YES;
				CLANG_WARN_SUSPICIOUS_MOVE = YES;
				CLANG_WARN_UNGUARDED_AVAILABILITY = YES_AGGRESSIVE;
				CLANG_WARN_UNREACHABLE_CODE = YES;
				CLANG_WARN__DUPLICATE_METHOD_MATCH = YES;
				COPY_PHASE_STRIP = NO;
				DEBUG_INFORMATION_FORMAT = "dwarf-with-dsym";
				ENABLE_NS_ASSERTIONS = NO;
				ENABLE_STRICT_OBJC_MSGSEND = YES;
				ENABLE_USER_SCRIPT_SANDBOXING = YES;
				GCC_C_LANGUAGE_STANDARD = gnu17;
				GCC_NO_COMMON_BLOCKS = YES;
				GCC_WARN_64_TO_32_BIT_CONVERSION = YES;
				GCC_WARN_ABOUT_RETURN_TYPE = YES_ERROR;
				GCC_WARN_UNDECLARED_SELECTOR = YES;
				GCC_WARN_UNINITIALIZED_AUTOS = YES_AGGRESSIVE;
				GCC_WARN_UNUSED_FUNCTION = YES;
				GCC_WARN_UNUSED_VARIABLE = YES;
				IPHONEOS_DEPLOYMENT_TARGET = 13.4;
				LOCALIZATION_PREFERS_STRING_CATALOGS = YES;
				MTL_ENABLE_DEBUG_INFO = NO;
				MTL_FAST_MATH = YES;
				SDKROOT = iphoneos;
				SWIFT_COMPILATION_MODE = wholemodule;
				VALIDATE_PRODUCT = YES;
			};
			name = Release;
		};
		FD4204332BF17E7E0007A254 /* Debug */ = {
			isa = XCBuildConfiguration;
			buildSettings = {
				ASSETCATALOG_COMPILER_APPICON_NAME = AppIcon;
				ASSETCATALOG_COMPILER_GLOBAL_ACCENT_COLOR_NAME = AccentColor;
				CODE_SIGN_STYLE = Automatic;
				CURRENT_PROJECT_VERSION = 1;
				DEVELOPMENT_TEAM = BM4848JBAW;
				GENERATE_INFOPLIST_FILE = YES;
				INFOPLIST_FILE = Tracker/Info.plist;
				INFOPLIST_KEY_UIApplicationSupportsIndirectInputEvents = YES;
				INFOPLIST_KEY_UILaunchStoryboardName = LaunchScreen;
				INFOPLIST_KEY_UISupportedInterfaceOrientations_iPad = "UIInterfaceOrientationPortrait UIInterfaceOrientationPortraitUpsideDown UIInterfaceOrientationLandscapeLeft UIInterfaceOrientationLandscapeRight";
				INFOPLIST_KEY_UISupportedInterfaceOrientations_iPhone = "UIInterfaceOrientationPortrait UIInterfaceOrientationLandscapeLeft UIInterfaceOrientationLandscapeRight";
				IPHONEOS_DEPLOYMENT_TARGET = 13.4;
				LD_RUNPATH_SEARCH_PATHS = (
					"$(inherited)",
					"@executable_path/Frameworks",
				);
				MARKETING_VERSION = 1.0;
				PRODUCT_BUNDLE_IDENTIFIER = com.dreamlogin.Tracker;
				PRODUCT_NAME = "$(TARGET_NAME)";
				SUPPORTED_PLATFORMS = "iphoneos iphonesimulator";
				SUPPORTS_MACCATALYST = NO;
				SUPPORTS_MAC_DESIGNED_FOR_IPHONE_IPAD = NO;
				SUPPORTS_XR_DESIGNED_FOR_IPHONE_IPAD = NO;
				SWIFT_EMIT_LOC_STRINGS = YES;
				SWIFT_VERSION = 5.0;
				TARGETED_DEVICE_FAMILY = 1;
			};
			name = Debug;
		};
		FD4204342BF17E7E0007A254 /* Release */ = {
			isa = XCBuildConfiguration;
			buildSettings = {
				ASSETCATALOG_COMPILER_APPICON_NAME = AppIcon;
				ASSETCATALOG_COMPILER_GLOBAL_ACCENT_COLOR_NAME = AccentColor;
				CODE_SIGN_STYLE = Automatic;
				CURRENT_PROJECT_VERSION = 1;
				DEVELOPMENT_TEAM = BM4848JBAW;
				GENERATE_INFOPLIST_FILE = YES;
				INFOPLIST_FILE = Tracker/Info.plist;
				INFOPLIST_KEY_UIApplicationSupportsIndirectInputEvents = YES;
				INFOPLIST_KEY_UILaunchStoryboardName = LaunchScreen;
				INFOPLIST_KEY_UISupportedInterfaceOrientations_iPad = "UIInterfaceOrientationPortrait UIInterfaceOrientationPortraitUpsideDown UIInterfaceOrientationLandscapeLeft UIInterfaceOrientationLandscapeRight";
				INFOPLIST_KEY_UISupportedInterfaceOrientations_iPhone = "UIInterfaceOrientationPortrait UIInterfaceOrientationLandscapeLeft UIInterfaceOrientationLandscapeRight";
				IPHONEOS_DEPLOYMENT_TARGET = 13.4;
				LD_RUNPATH_SEARCH_PATHS = (
					"$(inherited)",
					"@executable_path/Frameworks",
				);
				MARKETING_VERSION = 1.0;
				PRODUCT_BUNDLE_IDENTIFIER = com.dreamlogin.Tracker;
				PRODUCT_NAME = "$(TARGET_NAME)";
				SUPPORTED_PLATFORMS = "iphoneos iphonesimulator";
				SUPPORTS_MACCATALYST = NO;
				SUPPORTS_MAC_DESIGNED_FOR_IPHONE_IPAD = NO;
				SUPPORTS_XR_DESIGNED_FOR_IPHONE_IPAD = NO;
				SWIFT_EMIT_LOC_STRINGS = YES;
				SWIFT_VERSION = 5.0;
				TARGETED_DEVICE_FAMILY = 1;
			};
			name = Release;
		};
/* End XCBuildConfiguration section */

/* Begin XCConfigurationList section */
		FD4204192BF17E7C0007A254 /* Build configuration list for PBXProject "Tracker" */ = {
			isa = XCConfigurationList;
			buildConfigurations = (
				FD4204302BF17E7E0007A254 /* Debug */,
				FD4204312BF17E7E0007A254 /* Release */,
			);
			defaultConfigurationIsVisible = 0;
			defaultConfigurationName = Release;
		};
		FD4204322BF17E7E0007A254 /* Build configuration list for PBXNativeTarget "Tracker" */ = {
			isa = XCConfigurationList;
			buildConfigurations = (
				FD4204332BF17E7E0007A254 /* Debug */,
				FD4204342BF17E7E0007A254 /* Release */,
			);
			defaultConfigurationIsVisible = 0;
			defaultConfigurationName = Release;
		};
/* End XCConfigurationList section */

/* Begin XCRemoteSwiftPackageReference section */
		FD53E1942BF53F580073B644 /* XCRemoteSwiftPackageReference "SnapKit" */ = {
			isa = XCRemoteSwiftPackageReference;
			repositoryURL = "https://github.com/SnapKit/SnapKit.git";
			requirement = {
				kind = upToNextMajorVersion;
				minimumVersion = 5.7.1;
			};
		};
/* End XCRemoteSwiftPackageReference section */

/* Begin XCSwiftPackageProductDependency section */
		FD53E1952BF53F580073B644 /* SnapKit */ = {
			isa = XCSwiftPackageProductDependency;
			package = FD53E1942BF53F580073B644 /* XCRemoteSwiftPackageReference "SnapKit" */;
			productName = SnapKit;
		};
/* End XCSwiftPackageProductDependency section */

/* Begin XCVersionGroup section */
		16279ECD2C3854E800722E41 /* Storage.xcdatamodeld */ = {
			isa = XCVersionGroup;
			children = (
				16279ECE2C3854E800722E41 /* Storage.xcdatamodel */,
			);
			currentVersion = 16279ECE2C3854E800722E41 /* Storage.xcdatamodel */;
			path = Storage.xcdatamodeld;
			sourceTree = "<group>";
			versionGroupType = wrapper.xcdatamodel;
		};
/* End XCVersionGroup section */
	};
	rootObject = FD4204162BF17E7C0007A254 /* Project object */;
}
