// !$*UTF8*$!
{
	archiveVersion = 1;
	classes = {
	};
	objectVersion = 56;
	objects = {

/* Begin PBXBuildFile section */
		1629E74A2BFB331E00A50F54 /* AddTrackerViewController.swift in Sources */ = {isa = PBXBuildFile; fileRef = 1629E7492BFB331E00A50F54 /* AddTrackerViewController.swift */; };
		1631E09A2BF40A85003986AE /* TabBarController.swift in Sources */ = {isa = PBXBuildFile; fileRef = 1631E0992BF40A85003986AE /* TabBarController.swift */; };
		16343C402BFE603E00838829 /* AddHabbitViewController.swift in Sources */ = {isa = PBXBuildFile; fileRef = 16343C3F2BFE603E00838829 /* AddHabbitViewController.swift */; };
		1645C9B32BF8A5ED00CC7B90 /* Tracker.swift in Sources */ = {isa = PBXBuildFile; fileRef = 1645C9B22BF8A5ED00CC7B90 /* Tracker.swift */; };
		167212A22C05365400B78FE8 /* UIButton Extension.swift in Sources */ = {isa = PBXBuildFile; fileRef = 167212A12C05365400B78FE8 /* UIButton Extension.swift */; };
		167A2E7A2C0B4A5F00437041 /* ScheduleViewController.swift in Sources */ = {isa = PBXBuildFile; fileRef = 167A2E792C0B4A5F00437041 /* ScheduleViewController.swift */; };
		167A2E7D2C0B4AB000437041 /* WeekdayEnum.swift in Sources */ = {isa = PBXBuildFile; fileRef = 167A2E7C2C0B4AB000437041 /* WeekdayEnum.swift */; };
		167A2E7F2C0B4BE700437041 /* ScheduleTableViewCell.swift in Sources */ = {isa = PBXBuildFile; fileRef = 167A2E7E2C0B4BE700437041 /* ScheduleTableViewCell.swift */; };
		16947A4F2C033CA800426968 /* TrackersFactory.swift in Sources */ = {isa = PBXBuildFile; fileRef = 16947A4E2C033CA800426968 /* TrackersFactory.swift */; };
		16947A512C036E0800426968 /* CategoryHaderView.swift in Sources */ = {isa = PBXBuildFile; fileRef = 16947A502C036E0800426968 /* CategoryHaderView.swift */; };
		FD4204222BF17E7C0007A254 /* AppDelegate.swift in Sources */ = {isa = PBXBuildFile; fileRef = FD4204212BF17E7C0007A254 /* AppDelegate.swift */; };
		FD4204262BF17E7C0007A254 /* TrackersViewController.swift in Sources */ = {isa = PBXBuildFile; fileRef = FD4204252BF17E7C0007A254 /* TrackersViewController.swift */; };
		FD42042B2BF17E7E0007A254 /* Assets.xcassets in Resources */ = {isa = PBXBuildFile; fileRef = FD42042A2BF17E7E0007A254 /* Assets.xcassets */; };
		FD42042E2BF17E7E0007A254 /* Base in Resources */ = {isa = PBXBuildFile; fileRef = FD42042D2BF17E7E0007A254 /* Base */; };
		FD53E1962BF53F580073B644 /* SnapKit in Frameworks */ = {isa = PBXBuildFile; productRef = FD53E1952BF53F580073B644 /* SnapKit */; };
		FD53E1982BF53F580073B644 /* SnapKit-Dynamic in Frameworks */ = {isa = PBXBuildFile; productRef = FD53E1972BF53F580073B644 /* SnapKit-Dynamic */; };
		FD53E19A2BF562890073B644 /* StatisticsViewController.swift in Sources */ = {isa = PBXBuildFile; fileRef = FD53E1992BF562890073B644 /* StatisticsViewController.swift */; };
		FDC14C912BFFC8D400198716 /* TrackerCell.swift in Sources */ = {isa = PBXBuildFile; fileRef = FDC14C902BFFC8D400198716 /* TrackerCell.swift */; };
		FDF6A75E2BF4214E0002827B /* draft.swift in Sources */ = {isa = PBXBuildFile; fileRef = FDF6A75D2BF4214E0002827B /* draft.swift */; };
/* End PBXBuildFile section */

/* Begin PBXFileReference section */
		1629E7492BFB331E00A50F54 /* AddTrackerViewController.swift */ = {isa = PBXFileReference; lastKnownFileType = sourcecode.swift; path = AddTrackerViewController.swift; sourceTree = "<group>"; };
		1631E0992BF40A85003986AE /* TabBarController.swift */ = {isa = PBXFileReference; lastKnownFileType = sourcecode.swift; path = TabBarController.swift; sourceTree = "<group>"; };
		16343C3F2BFE603E00838829 /* AddHabbitViewController.swift */ = {isa = PBXFileReference; lastKnownFileType = sourcecode.swift; path = AddHabbitViewController.swift; sourceTree = "<group>"; };
		1645C9B22BF8A5ED00CC7B90 /* Tracker.swift */ = {isa = PBXFileReference; lastKnownFileType = sourcecode.swift; path = Tracker.swift; sourceTree = "<group>"; };
		167212A12C05365400B78FE8 /* UIButton Extension.swift */ = {isa = PBXFileReference; lastKnownFileType = sourcecode.swift; path = "UIButton Extension.swift"; sourceTree = "<group>"; };
		167A2E792C0B4A5F00437041 /* ScheduleViewController.swift */ = {isa = PBXFileReference; lastKnownFileType = sourcecode.swift; path = ScheduleViewController.swift; sourceTree = "<group>"; };
		167A2E7C2C0B4AB000437041 /* WeekdayEnum.swift */ = {isa = PBXFileReference; lastKnownFileType = sourcecode.swift; path = WeekdayEnum.swift; sourceTree = "<group>"; };
		167A2E7E2C0B4BE700437041 /* ScheduleTableViewCell.swift */ = {isa = PBXFileReference; lastKnownFileType = sourcecode.swift; path = ScheduleTableViewCell.swift; sourceTree = "<group>"; };
		16947A4E2C033CA800426968 /* TrackersFactory.swift */ = {isa = PBXFileReference; lastKnownFileType = sourcecode.swift; path = TrackersFactory.swift; sourceTree = "<group>"; };
		16947A502C036E0800426968 /* CategoryHaderView.swift */ = {isa = PBXFileReference; lastKnownFileType = sourcecode.swift; path = CategoryHaderView.swift; sourceTree = "<group>"; };
		FD42041E2BF17E7C0007A254 /* Tracker.app */ = {isa = PBXFileReference; explicitFileType = wrapper.application; includeInIndex = 0; path = Tracker.app; sourceTree = BUILT_PRODUCTS_DIR; };
		FD4204212BF17E7C0007A254 /* AppDelegate.swift */ = {isa = PBXFileReference; lastKnownFileType = sourcecode.swift; path = AppDelegate.swift; sourceTree = "<group>"; };
		FD4204252BF17E7C0007A254 /* TrackersViewController.swift */ = {isa = PBXFileReference; lastKnownFileType = sourcecode.swift; path = TrackersViewController.swift; sourceTree = "<group>"; };
		FD42042A2BF17E7E0007A254 /* Assets.xcassets */ = {isa = PBXFileReference; lastKnownFileType = folder.assetcatalog; path = Assets.xcassets; sourceTree = "<group>"; };
		FD42042D2BF17E7E0007A254 /* Base */ = {isa = PBXFileReference; lastKnownFileType = file.storyboard; name = Base; path = Base.lproj/LaunchScreen.storyboard; sourceTree = "<group>"; };
		FD42042F2BF17E7E0007A254 /* Info.plist */ = {isa = PBXFileReference; lastKnownFileType = text.plist.xml; path = Info.plist; sourceTree = "<group>"; };
		FD53E1992BF562890073B644 /* StatisticsViewController.swift */ = {isa = PBXFileReference; lastKnownFileType = sourcecode.swift; path = StatisticsViewController.swift; sourceTree = "<group>"; };
		FDC14C902BFFC8D400198716 /* TrackerCell.swift */ = {isa = PBXFileReference; lastKnownFileType = sourcecode.swift; path = TrackerCell.swift; sourceTree = "<group>"; };
		FDF6A75D2BF4214E0002827B /* draft.swift */ = {isa = PBXFileReference; lastKnownFileType = sourcecode.swift; path = draft.swift; sourceTree = "<group>"; };
/* End PBXFileReference section */

/* Begin PBXFrameworksBuildPhase section */
		FD42041B2BF17E7C0007A254 /* Frameworks */ = {
			isa = PBXFrameworksBuildPhase;
			buildActionMask = 2147483647;
			files = (
				FD53E1962BF53F580073B644 /* SnapKit in Frameworks */,
				FD53E1982BF53F580073B644 /* SnapKit-Dynamic in Frameworks */,
			);
			runOnlyForDeploymentPostprocessing = 0;
		};
/* End PBXFrameworksBuildPhase section */

/* Begin PBXGroup section */
		1645C9B12BF8A5A600CC7B90 /* UI Models */ = {
			isa = PBXGroup;
			children = (
				1645C9B22BF8A5ED00CC7B90 /* Tracker.swift */,
			);
			path = "UI Models";
			sourceTree = "<group>";
		};
		167A2E7B2C0B4A8D00437041 /* Scheduler */ = {
			isa = PBXGroup;
			children = (
				167A2E792C0B4A5F00437041 /* ScheduleViewController.swift */,
				167A2E7C2C0B4AB000437041 /* WeekdayEnum.swift */,
				167A2E7E2C0B4BE700437041 /* ScheduleTableViewCell.swift */,
			);
			path = Scheduler;
			sourceTree = "<group>";
		};
		16947A4D2C033C8300426968 /* TrackersFactory */ = {
			isa = PBXGroup;
			children = (
				16947A4E2C033CA800426968 /* TrackersFactory.swift */,
			);
			path = TrackersFactory;
			sourceTree = "<group>";
		};
		FD4204152BF17E7C0007A254 = {
			isa = PBXGroup;
			children = (
				FD4204202BF17E7C0007A254 /* Tracker */,
				FD42041F2BF17E7C0007A254 /* Products */,
			);
			sourceTree = "<group>";
		};
		FD42041F2BF17E7C0007A254 /* Products */ = {
			isa = PBXGroup;
			children = (
				FD42041E2BF17E7C0007A254 /* Tracker.app */,
			);
			name = Products;
			sourceTree = "<group>";
		};
		FD4204202BF17E7C0007A254 /* Tracker */ = {
			isa = PBXGroup;
			children = (
				FD4204212BF17E7C0007A254 /* AppDelegate.swift */,
				1631E0992BF40A85003986AE /* TabBarController.swift */,
				167212A12C05365400B78FE8 /* UIButton Extension.swift */,
				1645C9B12BF8A5A600CC7B90 /* UI Models */,
				FD53E19B2BF5657C0073B644 /* ViewControllers */,
				16947A4D2C033C8300426968 /* TrackersFactory */,
				FD42042A2BF17E7E0007A254 /* Assets.xcassets */,
				FD42042C2BF17E7E0007A254 /* LaunchScreen.storyboard */,
				FD42042F2BF17E7E0007A254 /* Info.plist */,
				FDF6A75D2BF4214E0002827B /* draft.swift */,
			);
			path = Tracker;
			sourceTree = "<group>";
		};
		FD53E19B2BF5657C0073B644 /* ViewControllers */ = {
			isa = PBXGroup;
			children = (
				FD4204252BF17E7C0007A254 /* TrackersViewController.swift */,
				FD53E1992BF562890073B644 /* StatisticsViewController.swift */,
				1629E7492BFB331E00A50F54 /* AddTrackerViewController.swift */,
				16343C3F2BFE603E00838829 /* AddHabbitViewController.swift */,
				FDC14C902BFFC8D400198716 /* TrackerCell.swift */,
				16947A502C036E0800426968 /* CategoryHaderView.swift */,
				167A2E7B2C0B4A8D00437041 /* Scheduler */,
			);
			path = ViewControllers;
			sourceTree = "<group>";
		};
/* End PBXGroup section */

/* Begin PBXNativeTarget section */
		FD42041D2BF17E7C0007A254 /* Tracker */ = {
			isa = PBXNativeTarget;
			buildConfigurationList = FD4204322BF17E7E0007A254 /* Build configuration list for PBXNativeTarget "Tracker" */;
			buildPhases = (
				FD42041A2BF17E7C0007A254 /* Sources */,
				FD42041B2BF17E7C0007A254 /* Frameworks */,
				FD42041C2BF17E7C0007A254 /* Resources */,
			);
			buildRules = (
			);
			dependencies = (
			);
			name = Tracker;
			packageProductDependencies = (
				FD53E1952BF53F580073B644 /* SnapKit */,
				FD53E1972BF53F580073B644 /* SnapKit-Dynamic */,
			);
			productName = Tracker;
			productReference = FD42041E2BF17E7C0007A254 /* Tracker.app */;
			productType = "com.apple.product-type.application";
		};
/* End PBXNativeTarget section */

/* Begin PBXProject section */
		FD4204162BF17E7C0007A254 /* Project object */ = {
			isa = PBXProject;
			attributes = {
				BuildIndependentTargetsInParallel = 1;
				LastSwiftUpdateCheck = 1530;
				LastUpgradeCheck = 1530;
				TargetAttributes = {
					FD42041D2BF17E7C0007A254 = {
						CreatedOnToolsVersion = 15.3;
					};
				};
			};
			buildConfigurationList = FD4204192BF17E7C0007A254 /* Build configuration list for PBXProject "Tracker" */;
			compatibilityVersion = "Xcode 14.0";
			developmentRegion = en;
			hasScannedForEncodings = 0;
			knownRegions = (
				en,
				Base,
			);
			mainGroup = FD4204152BF17E7C0007A254;
			packageReferences = (
				FD53E1942BF53F580073B644 /* XCRemoteSwiftPackageReference "SnapKit" */,
			);
			productRefGroup = FD42041F2BF17E7C0007A254 /* Products */;
			projectDirPath = "";
			projectRoot = "";
			targets = (
				FD42041D2BF17E7C0007A254 /* Tracker */,
			);
		};
/* End PBXProject section */

/* Begin PBXResourcesBuildPhase section */
		FD42041C2BF17E7C0007A254 /* Resources */ = {
			isa = PBXResourcesBuildPhase;
			buildActionMask = 2147483647;
			files = (
				FD42042B2BF17E7E0007A254 /* Assets.xcassets in Resources */,
				FD42042E2BF17E7E0007A254 /* Base in Resources */,
			);
			runOnlyForDeploymentPostprocessing = 0;
		};
/* End PBXResourcesBuildPhase section */

/* Begin PBXSourcesBuildPhase section */
		FD42041A2BF17E7C0007A254 /* Sources */ = {
			isa = PBXSourcesBuildPhase;
			buildActionMask = 2147483647;
			files = (
				167A2E7A2C0B4A5F00437041 /* ScheduleViewController.swift in Sources */,
				1645C9B32BF8A5ED00CC7B90 /* Tracker.swift in Sources */,
				1631E09A2BF40A85003986AE /* TabBarController.swift in Sources */,
				16947A512C036E0800426968 /* CategoryHaderView.swift in Sources */,
				16343C402BFE603E00838829 /* AddHabbitViewController.swift in Sources */,
				167A2E7F2C0B4BE700437041 /* ScheduleTableViewCell.swift in Sources */,
				167A2E7D2C0B4AB000437041 /* WeekdayEnum.swift in Sources */,
				16947A4F2C033CA800426968 /* TrackersFactory.swift in Sources */,
				FDC14C912BFFC8D400198716 /* TrackerCell.swift in Sources */,
				167212A22C05365400B78FE8 /* UIButton Extension.swift in Sources */,
				FD53E19A2BF562890073B644 /* StatisticsViewController.swift in Sources */,
				FD4204262BF17E7C0007A254 /* TrackersViewController.swift in Sources */,
				FD4204222BF17E7C0007A254 /* AppDelegate.swift in Sources */,
				FDF6A75E2BF4214E0002827B /* draft.swift in Sources */,
				1629E74A2BFB331E00A50F54 /* AddTrackerViewController.swift in Sources */,
			);
			runOnlyForDeploymentPostprocessing = 0;
		};
/* End PBXSourcesBuildPhase section */

/* Begin PBXVariantGroup section */
		FD42042C2BF17E7E0007A254 /* LaunchScreen.storyboard */ = {
			isa = PBXVariantGroup;
			children = (
				FD42042D2BF17E7E0007A254 /* Base */,
			);
			name = LaunchScreen.storyboard;
			sourceTree = "<group>";
		};
/* End PBXVariantGroup section */

/* Begin XCBuildConfiguration section */
		FD4204302BF17E7E0007A254 /* Debug */ = {
			isa = XCBuildConfiguration;
			buildSettings = {
				ALWAYS_SEARCH_USER_PATHS = NO;
				ASSETCATALOG_COMPILER_GENERATE_SWIFT_ASSET_SYMBOL_EXTENSIONS = YES;
				CLANG_ANALYZER_NONNULL = YES;
				CLANG_ANALYZER_NUMBER_OBJECT_CONVERSION = YES_AGGRESSIVE;
				CLANG_CXX_LANGUAGE_STANDARD = "gnu++20";
				CLANG_ENABLE_MODULES = YES;
				CLANG_ENABLE_OBJC_ARC = YES;
				CLANG_ENABLE_OBJC_WEAK = YES;
				CLANG_WARN_BLOCK_CAPTURE_AUTORELEASING = YES;
				CLANG_WARN_BOOL_CONVERSION = YES;
				CLANG_WARN_COMMA = YES;
				CLANG_WARN_CONSTANT_CONVERSION = YES;
				CLANG_WARN_DEPRECATED_OBJC_IMPLEMENTATIONS = YES;
				CLANG_WARN_DIRECT_OBJC_ISA_USAGE = YES_ERROR;
				CLANG_WARN_DOCUMENTATION_COMMENTS = YES;
				CLANG_WARN_EMPTY_BODY = YES;
				CLANG_WARN_ENUM_CONVERSION = YES;
				CLANG_WARN_INFINITE_RECURSION = YES;
				CLANG_WARN_INT_CONVERSION = YES;
				CLANG_WARN_NON_LITERAL_NULL_CONVERSION = YES;
				CLANG_WARN_OBJC_IMPLICIT_RETAIN_SELF = YES;
				CLANG_WARN_OBJC_LITERAL_CONVERSION = YES;
				CLANG_WARN_OBJC_ROOT_CLASS = YES_ERROR;
				CLANG_WARN_QUOTED_INCLUDE_IN_FRAMEWORK_HEADER = YES;
				CLANG_WARN_RANGE_LOOP_ANALYSIS = YES;
				CLANG_WARN_STRICT_PROTOTYPES = YES;
				CLANG_WARN_SUSPICIOUS_MOVE = YES;
				CLANG_WARN_UNGUARDED_AVAILABILITY = YES_AGGRESSIVE;
				CLANG_WARN_UNREACHABLE_CODE = YES;
				CLANG_WARN__DUPLICATE_METHOD_MATCH = YES;
				COPY_PHASE_STRIP = NO;
				DEBUG_INFORMATION_FORMAT = dwarf;
				ENABLE_STRICT_OBJC_MSGSEND = YES;
				ENABLE_TESTABILITY = YES;
				ENABLE_USER_SCRIPT_SANDBOXING = YES;
				GCC_C_LANGUAGE_STANDARD = gnu17;
				GCC_DYNAMIC_NO_PIC = NO;
				GCC_NO_COMMON_BLOCKS = YES;
				GCC_OPTIMIZATION_LEVEL = 0;
				GCC_PREPROCESSOR_DEFINITIONS = (
					"DEBUG=1",
					"$(inherited)",
				);
				GCC_WARN_64_TO_32_BIT_CONVERSION = YES;
				GCC_WARN_ABOUT_RETURN_TYPE = YES_ERROR;
				GCC_WARN_UNDECLARED_SELECTOR = YES;
				GCC_WARN_UNINITIALIZED_AUTOS = YES_AGGRESSIVE;
				GCC_WARN_UNUSED_FUNCTION = YES;
				GCC_WARN_UNUSED_VARIABLE = YES;
				IPHONEOS_DEPLOYMENT_TARGET = 13.4;
				LOCALIZATION_PREFERS_STRING_CATALOGS = YES;
				MTL_ENABLE_DEBUG_INFO = INCLUDE_SOURCE;
				MTL_FAST_MATH = YES;
				ONLY_ACTIVE_ARCH = YES;
				SDKROOT = iphoneos;
				SWIFT_ACTIVE_COMPILATION_CONDITIONS = "DEBUG $(inherited)";
				SWIFT_OPTIMIZATION_LEVEL = "-Onone";
			};
			name = Debug;
		};
		FD4204312BF17E7E0007A254 /* Release */ = {
			isa = XCBuildConfiguration;
			buildSettings = {
				ALWAYS_SEARCH_USER_PATHS = NO;
				ASSETCATALOG_COMPILER_GENERATE_SWIFT_ASSET_SYMBOL_EXTENSIONS = YES;
				CLANG_ANALYZER_NONNULL = YES;
				CLANG_ANALYZER_NUMBER_OBJECT_CONVERSION = YES_AGGRESSIVE;
				CLANG_CXX_LANGUAGE_STANDARD = "gnu++20";
				CLANG_ENABLE_MODULES = YES;
				CLANG_ENABLE_OBJC_ARC = YES;
				CLANG_ENABLE_OBJC_WEAK = YES;
				CLANG_WARN_BLOCK_CAPTURE_AUTORELEASING = YES;
				CLANG_WARN_BOOL_CONVERSION = YES;
				CLANG_WARN_COMMA = YES;
				CLANG_WARN_CONSTANT_CONVERSION = YES;
				CLANG_WARN_DEPRECATED_OBJC_IMPLEMENTATIONS = YES;
				CLANG_WARN_DIRECT_OBJC_ISA_USAGE = YES_ERROR;
				CLANG_WARN_DOCUMENTATION_COMMENTS = YES;
				CLANG_WARN_EMPTY_BODY = YES;
				CLANG_WARN_ENUM_CONVERSION = YES;
				CLANG_WARN_INFINITE_RECURSION = YES;
				CLANG_WARN_INT_CONVERSION = YES;
				CLANG_WARN_NON_LITERAL_NULL_CONVERSION = YES;
				CLANG_WARN_OBJC_IMPLICIT_RETAIN_SELF = YES;
				CLANG_WARN_OBJC_LITERAL_CONVERSION = YES;
				CLANG_WARN_OBJC_ROOT_CLASS = YES_ERROR;
				CLANG_WARN_QUOTED_INCLUDE_IN_FRAMEWORK_HEADER = YES;
				CLANG_WARN_RANGE_LOOP_ANALYSIS = YES;
				CLANG_WARN_STRICT_PROTOTYPES = YES;
				CLANG_WARN_SUSPICIOUS_MOVE = YES;
				CLANG_WARN_UNGUARDED_AVAILABILITY = YES_AGGRESSIVE;
				CLANG_WARN_UNREACHABLE_CODE = YES;
				CLANG_WARN__DUPLICATE_METHOD_MATCH = YES;
				COPY_PHASE_STRIP = NO;
				DEBUG_INFORMATION_FORMAT = "dwarf-with-dsym";
				ENABLE_NS_ASSERTIONS = NO;
				ENABLE_STRICT_OBJC_MSGSEND = YES;
				ENABLE_USER_SCRIPT_SANDBOXING = YES;
				GCC_C_LANGUAGE_STANDARD = gnu17;
				GCC_NO_COMMON_BLOCKS = YES;
				GCC_WARN_64_TO_32_BIT_CONVERSION = YES;
				GCC_WARN_ABOUT_RETURN_TYPE = YES_ERROR;
				GCC_WARN_UNDECLARED_SELECTOR = YES;
				GCC_WARN_UNINITIALIZED_AUTOS = YES_AGGRESSIVE;
				GCC_WARN_UNUSED_FUNCTION = YES;
				GCC_WARN_UNUSED_VARIABLE = YES;
				IPHONEOS_DEPLOYMENT_TARGET = 13.4;
				LOCALIZATION_PREFERS_STRING_CATALOGS = YES;
				MTL_ENABLE_DEBUG_INFO = NO;
				MTL_FAST_MATH = YES;
				SDKROOT = iphoneos;
				SWIFT_COMPILATION_MODE = wholemodule;
				VALIDATE_PRODUCT = YES;
			};
			name = Release;
		};
		FD4204332BF17E7E0007A254 /* Debug */ = {
			isa = XCBuildConfiguration;
			buildSettings = {
				ASSETCATALOG_COMPILER_APPICON_NAME = AppIcon;
				ASSETCATALOG_COMPILER_GLOBAL_ACCENT_COLOR_NAME = AccentColor;
				CODE_SIGN_STYLE = Automatic;
				CURRENT_PROJECT_VERSION = 1;
				DEVELOPMENT_TEAM = BM4848JBAW;
				GENERATE_INFOPLIST_FILE = YES;
				INFOPLIST_FILE = Tracker/Info.plist;
				INFOPLIST_KEY_UIApplicationSupportsIndirectInputEvents = YES;
				INFOPLIST_KEY_UILaunchStoryboardName = LaunchScreen;
				INFOPLIST_KEY_UISupportedInterfaceOrientations_iPad = "UIInterfaceOrientationPortrait UIInterfaceOrientationPortraitUpsideDown UIInterfaceOrientationLandscapeLeft UIInterfaceOrientationLandscapeRight";
				INFOPLIST_KEY_UISupportedInterfaceOrientations_iPhone = "UIInterfaceOrientationPortrait UIInterfaceOrientationLandscapeLeft UIInterfaceOrientationLandscapeRight";
				IPHONEOS_DEPLOYMENT_TARGET = 13.4;
				LD_RUNPATH_SEARCH_PATHS = (
					"$(inherited)",
					"@executable_path/Frameworks",
				);
				MARKETING_VERSION = 1.0;
				PRODUCT_BUNDLE_IDENTIFIER = com.dreamlogin.Tracker;
				PRODUCT_NAME = "$(TARGET_NAME)";
				SUPPORTED_PLATFORMS = "iphoneos iphonesimulator";
				SUPPORTS_MACCATALYST = NO;
				SUPPORTS_MAC_DESIGNED_FOR_IPHONE_IPAD = NO;
				SUPPORTS_XR_DESIGNED_FOR_IPHONE_IPAD = NO;
				SWIFT_EMIT_LOC_STRINGS = YES;
				SWIFT_VERSION = 5.0;
				TARGETED_DEVICE_FAMILY = 1;
			};
			name = Debug;
		};
		FD4204342BF17E7E0007A254 /* Release */ = {
			isa = XCBuildConfiguration;
			buildSettings = {
				ASSETCATALOG_COMPILER_APPICON_NAME = AppIcon;
				ASSETCATALOG_COMPILER_GLOBAL_ACCENT_COLOR_NAME = AccentColor;
				CODE_SIGN_STYLE = Automatic;
				CURRENT_PROJECT_VERSION = 1;
				DEVELOPMENT_TEAM = BM4848JBAW;
				GENERATE_INFOPLIST_FILE = YES;
				INFOPLIST_FILE = Tracker/Info.plist;
				INFOPLIST_KEY_UIApplicationSupportsIndirectInputEvents = YES;
				INFOPLIST_KEY_UILaunchStoryboardName = LaunchScreen;
				INFOPLIST_KEY_UISupportedInterfaceOrientations_iPad = "UIInterfaceOrientationPortrait UIInterfaceOrientationPortraitUpsideDown UIInterfaceOrientationLandscapeLeft UIInterfaceOrientationLandscapeRight";
				INFOPLIST_KEY_UISupportedInterfaceOrientations_iPhone = "UIInterfaceOrientationPortrait UIInterfaceOrientationLandscapeLeft UIInterfaceOrientationLandscapeRight";
				IPHONEOS_DEPLOYMENT_TARGET = 13.4;
				LD_RUNPATH_SEARCH_PATHS = (
					"$(inherited)",
					"@executable_path/Frameworks",
				);
				MARKETING_VERSION = 1.0;
				PRODUCT_BUNDLE_IDENTIFIER = com.dreamlogin.Tracker;
				PRODUCT_NAME = "$(TARGET_NAME)";
				SUPPORTED_PLATFORMS = "iphoneos iphonesimulator";
				SUPPORTS_MACCATALYST = NO;
				SUPPORTS_MAC_DESIGNED_FOR_IPHONE_IPAD = NO;
				SUPPORTS_XR_DESIGNED_FOR_IPHONE_IPAD = NO;
				SWIFT_EMIT_LOC_STRINGS = YES;
				SWIFT_VERSION = 5.0;
				TARGETED_DEVICE_FAMILY = 1;
			};
			name = Release;
		};
/* End XCBuildConfiguration section */

/* Begin XCConfigurationList section */
		FD4204192BF17E7C0007A254 /* Build configuration list for PBXProject "Tracker" */ = {
			isa = XCConfigurationList;
			buildConfigurations = (
				FD4204302BF17E7E0007A254 /* Debug */,
				FD4204312BF17E7E0007A254 /* Release */,
			);
			defaultConfigurationIsVisible = 0;
			defaultConfigurationName = Release;
		};
		FD4204322BF17E7E0007A254 /* Build configuration list for PBXNativeTarget "Tracker" */ = {
			isa = XCConfigurationList;
			buildConfigurations = (
				FD4204332BF17E7E0007A254 /* Debug */,
				FD4204342BF17E7E0007A254 /* Release */,
			);
			defaultConfigurationIsVisible = 0;
			defaultConfigurationName = Release;
		};
/* End XCConfigurationList section */

/* Begin XCRemoteSwiftPackageReference section */
		FD53E1942BF53F580073B644 /* XCRemoteSwiftPackageReference "SnapKit" */ = {
			isa = XCRemoteSwiftPackageReference;
			repositoryURL = "https://github.com/SnapKit/SnapKit.git";
			requirement = {
				kind = upToNextMajorVersion;
				minimumVersion = 5.7.1;
			};
		};
/* End XCRemoteSwiftPackageReference section */

/* Begin XCSwiftPackageProductDependency section */
		FD53E1952BF53F580073B644 /* SnapKit */ = {
			isa = XCSwiftPackageProductDependency;
			package = FD53E1942BF53F580073B644 /* XCRemoteSwiftPackageReference "SnapKit" */;
			productName = SnapKit;
		};
		FD53E1972BF53F580073B644 /* SnapKit-Dynamic */ = {
			isa = XCSwiftPackageProductDependency;
			package = FD53E1942BF53F580073B644 /* XCRemoteSwiftPackageReference "SnapKit" */;
			productName = "SnapKit-Dynamic";
		};
/* End XCSwiftPackageProductDependency section */
	};
	rootObject = FD4204162BF17E7C0007A254 /* Project object */;
}
